{
  "nodes": {
    "flake-utils": {
      "locked": {
        "lastModified": 1638122382,
        "narHash": "sha256-sQzZzAbvKEqN9s0bzWuYmRaA03v40gaJ4+iL1LXjaeI=",
        "owner": "numtide",
        "repo": "flake-utils",
        "rev": "74f7e4319258e287b0f9cb95426c9853b282730b",
        "type": "github"
      },
      "original": {
        "owner": "numtide",
        "repo": "flake-utils",
        "type": "github"
      }
    },
    "go-1-18": {
      "locked": {
        "lastModified": 1643748942,
        "narHash": "sha256-/+ZthbTSDOpl4di/nHp0pmXXogp6YRoQkpxIq3vj03M=",
        "owner": "flyx",
        "repo": "go-1.18-nix",
        "rev": "b09aa0745d332cc2c479c7c2179870e54ca0b5dd",
        "type": "github"
      },
      "original": {
        "owner": "flyx",
        "repo": "go-1.18-nix",
        "type": "github"
      }
    },
    "nix-filter": {
      "locked": {
        "lastModified": 1620202920,
        "narHash": "sha256-BOkm3eKT45Dk4NNxJT0xL9NnyYeZcF+t79zPnJkggac=",
        "owner": "numtide",
        "repo": "nix-filter",
        "rev": "3c9e33ed627e009428197b07216613206f06ed80",
        "type": "github"
      },
      "original": {
        "owner": "numtide",
        "repo": "nix-filter",
        "type": "github"
      }
    },
    "nixpkgs": {
      "locked": {
        "lastModified": 1641244400,
        "narHash": "sha256-8i4oasWEz/2y9U+F1XU15jfwSbd5YOEBh2tyBBm/W8E=",
        "owner": "NixOS",
        "repo": "nixpkgs",
        "rev": "c6019d8efb5530dcf7ce98086b8e091be5ff900a",
        "type": "github"
      },
      "original": {
        "owner": "NixOS",
        "ref": "nixos-21.11",
        "repo": "nixpkgs",
        "type": "github"
      }
    },
    "root": {
      "inputs": {
        "flake-utils": "flake-utils",
        "go-1-18": "go-1-18",
        "nix-filter": "nix-filter",
        "nixpkgs": "nixpkgs"
      }
    }
  },
  "root": "root",
  "version": 7
}
