{
  "nodes": {
    "nix-filter": {
      "locked": {
        "lastModified": 1620202920,
        "narHash": "sha256-BOkm3eKT45Dk4NNxJT0xL9NnyYeZcF+t79zPnJkggac=",
        "owner": "numtide",
        "repo": "nix-filter",
        "rev": "3c9e33ed627e009428197b07216613206f06ed80",
        "type": "github"
      },
      "original": {
        "owner": "numtide",
        "repo": "nix-filter",
        "type": "github"
      }
    },
    "root": {
      "inputs": {
        "nix-filter": "nix-filter"
      }
    }
  },
  "root": "root",
  "version": 7
}
